
Microsoft Visual Studio Solution File, Format Version 12.00
# Visual Studio 15
VisualStudioVersion = 15.0.28307.271
MinimumVisualStudioVersion = 10.0.40219.1
Project("{FAE04EC0-301F-11D3-BF4B-00C04F79EFBC}") = "Carsport.Android", "Carsport\Carsport.Android\Carsport.Android.csproj", "{9AA6BAC2-5249-47E0-8FDA-6377359E95F1}"
EndProject
Project("{FAE04EC0-301F-11D3-BF4B-00C04F79EFBC}") = "Carsport.iOS", "Carsport\Carsport.iOS\Carsport.iOS.csproj", "{5C59ED76-43C3-4169-B4D8-1AA8CC3B08B2}"
EndProject
Project("{9A19103F-16F7-4668-BE54-9A1E7A4F7556}") = "Carsport", "Carsport\Carsport\Carsport.csproj", "{307B9FD0-1E32-4C99-84F5-267A220B42F9}"
EndProject
Project("{FAE04EC0-301F-11D3-BF4B-00C04F79EFBC}") = "Carsport.Backend", "Carsport.Backend\Carsport.Backend.csproj", "{5AFE0095-9329-48EB-B18C-89C88630AA7A}"
EndProject
Project("{FAE04EC0-301F-11D3-BF4B-00C04F79EFBC}") = "Carsport.Backend.Tests", "Carsport.Backend.Tests\Carsport.Backend.Tests.csproj", "{D28BBF14-EFE4-47E3-816D-D6809E73A9FC}"
EndProject
Project("{FAE04EC0-301F-11D3-BF4B-00C04F79EFBC}") = "Carsport.API", "Carsport.API\Carsport.API.csproj", "{04306972-AF40-4795-BAC1-6FEA4C1BE9E3}"
EndProject
Project("{FAE04EC0-301F-11D3-BF4B-00C04F79EFBC}") = "Carsport.API.Tests", "Carsport.API.Tests\Carsport.API.Tests.csproj", "{B54CB232-16F3-4306-A014-9A85437EFA7D}"
EndProject
Project("{FAE04EC0-301F-11D3-BF4B-00C04F79EFBC}") = "Carsport.Domain", "Carsport.Domain\Carsport.Domain.csproj", "{67BA0C2A-0B42-4911-AF18-2B53C839B689}"
EndProject
Project("{FAE04EC0-301F-11D3-BF4B-00C04F79EFBC}") = "Carsport.Common", "Carsport.Common\Carsport.Common.csproj", "{A49F884B-0357-4BB9-9FCC-12A997F2009A}"
EndProject
Project("{9A19103F-16F7-4668-BE54-9A1E7A4F7556}") = "Carsport.RealTime", "Carsport.RealTime\Carsport.RealTime.csproj", "{ED2E61FE-56C3-4F47-A402-C683E217B02D}"
EndProject
Global
	GlobalSection(SolutionConfigurationPlatforms) = preSolution
		Ad-Hoc|Any CPU = Ad-Hoc|Any CPU
		Ad-Hoc|iPhone = Ad-Hoc|iPhone
		Ad-Hoc|iPhoneSimulator = Ad-Hoc|iPhoneSimulator
		AppStore|Any CPU = AppStore|Any CPU
		AppStore|iPhone = AppStore|iPhone
		AppStore|iPhoneSimulator = AppStore|iPhoneSimulator
		Debug|Any CPU = Debug|Any CPU
		Debug|iPhone = Debug|iPhone
		Debug|iPhoneSimulator = Debug|iPhoneSimulator
		Release|Any CPU = Release|Any CPU
		Release|iPhone = Release|iPhone
		Release|iPhoneSimulator = Release|iPhoneSimulator
	EndGlobalSection
	GlobalSection(ProjectConfigurationPlatforms) = postSolution
		{9AA6BAC2-5249-47E0-8FDA-6377359E95F1}.Ad-Hoc|Any CPU.ActiveCfg = Release|Any CPU
		{9AA6BAC2-5249-47E0-8FDA-6377359E95F1}.Ad-Hoc|Any CPU.Build.0 = Release|Any CPU
		{9AA6BAC2-5249-47E0-8FDA-6377359E95F1}.Ad-Hoc|Any CPU.Deploy.0 = Release|Any CPU
		{9AA6BAC2-5249-47E0-8FDA-6377359E95F1}.Ad-Hoc|iPhone.ActiveCfg = Release|Any CPU
		{9AA6BAC2-5249-47E0-8FDA-6377359E95F1}.Ad-Hoc|iPhone.Build.0 = Release|Any CPU
		{9AA6BAC2-5249-47E0-8FDA-6377359E95F1}.Ad-Hoc|iPhone.Deploy.0 = Release|Any CPU
		{9AA6BAC2-5249-47E0-8FDA-6377359E95F1}.Ad-Hoc|iPhoneSimulator.ActiveCfg = Release|Any CPU
		{9AA6BAC2-5249-47E0-8FDA-6377359E95F1}.Ad-Hoc|iPhoneSimulator.Build.0 = Release|Any CPU
		{9AA6BAC2-5249-47E0-8FDA-6377359E95F1}.Ad-Hoc|iPhoneSimulator.Deploy.0 = Release|Any CPU
		{9AA6BAC2-5249-47E0-8FDA-6377359E95F1}.AppStore|Any CPU.ActiveCfg = Release|Any CPU
		{9AA6BAC2-5249-47E0-8FDA-6377359E95F1}.AppStore|Any CPU.Build.0 = Release|Any CPU
		{9AA6BAC2-5249-47E0-8FDA-6377359E95F1}.AppStore|Any CPU.Deploy.0 = Release|Any CPU
		{9AA6BAC2-5249-47E0-8FDA-6377359E95F1}.AppStore|iPhone.ActiveCfg = Release|Any CPU
		{9AA6BAC2-5249-47E0-8FDA-6377359E95F1}.AppStore|iPhone.Build.0 = Release|Any CPU
		{9AA6BAC2-5249-47E0-8FDA-6377359E95F1}.AppStore|iPhone.Deploy.0 = Release|Any CPU
		{9AA6BAC2-5249-47E0-8FDA-6377359E95F1}.AppStore|iPhoneSimulator.ActiveCfg = Release|Any CPU
		{9AA6BAC2-5249-47E0-8FDA-6377359E95F1}.AppStore|iPhoneSimulator.Build.0 = Release|Any CPU
		{9AA6BAC2-5249-47E0-8FDA-6377359E95F1}.AppStore|iPhoneSimulator.Deploy.0 = Release|Any CPU
		{9AA6BAC2-5249-47E0-8FDA-6377359E95F1}.Debug|Any CPU.ActiveCfg = Debug|Any CPU
		{9AA6BAC2-5249-47E0-8FDA-6377359E95F1}.Debug|Any CPU.Build.0 = Debug|Any CPU
		{9AA6BAC2-5249-47E0-8FDA-6377359E95F1}.Debug|Any CPU.Deploy.0 = Debug|Any CPU
		{9AA6BAC2-5249-47E0-8FDA-6377359E95F1}.Debug|iPhone.ActiveCfg = Debug|Any CPU
		{9AA6BAC2-5249-47E0-8FDA-6377359E95F1}.Debug|iPhone.Build.0 = Debug|Any CPU
		{9AA6BAC2-5249-47E0-8FDA-6377359E95F1}.Debug|iPhone.Deploy.0 = Debug|Any CPU
		{9AA6BAC2-5249-47E0-8FDA-6377359E95F1}.Debug|iPhoneSimulator.ActiveCfg = Debug|Any CPU
		{9AA6BAC2-5249-47E0-8FDA-6377359E95F1}.Debug|iPhoneSimulator.Build.0 = Debug|Any CPU
		{9AA6BAC2-5249-47E0-8FDA-6377359E95F1}.Debug|iPhoneSimulator.Deploy.0 = Debug|Any CPU
		{9AA6BAC2-5249-47E0-8FDA-6377359E95F1}.Release|Any CPU.ActiveCfg = Release|Any CPU
		{9AA6BAC2-5249-47E0-8FDA-6377359E95F1}.Release|Any CPU.Build.0 = Release|Any CPU
		{9AA6BAC2-5249-47E0-8FDA-6377359E95F1}.Release|Any CPU.Deploy.0 = Release|Any CPU
		{9AA6BAC2-5249-47E0-8FDA-6377359E95F1}.Release|iPhone.ActiveCfg = Release|Any CPU
		{9AA6BAC2-5249-47E0-8FDA-6377359E95F1}.Release|iPhone.Build.0 = Release|Any CPU
		{9AA6BAC2-5249-47E0-8FDA-6377359E95F1}.Release|iPhone.Deploy.0 = Release|Any CPU
		{9AA6BAC2-5249-47E0-8FDA-6377359E95F1}.Release|iPhoneSimulator.ActiveCfg = Release|Any CPU
		{9AA6BAC2-5249-47E0-8FDA-6377359E95F1}.Release|iPhoneSimulator.Build.0 = Release|Any CPU
		{9AA6BAC2-5249-47E0-8FDA-6377359E95F1}.Release|iPhoneSimulator.Deploy.0 = Release|Any CPU
		{5C59ED76-43C3-4169-B4D8-1AA8CC3B08B2}.Ad-Hoc|Any CPU.ActiveCfg = Ad-Hoc|iPhone
		{5C59ED76-43C3-4169-B4D8-1AA8CC3B08B2}.Ad-Hoc|Any CPU.Build.0 = Ad-Hoc|iPhone
		{5C59ED76-43C3-4169-B4D8-1AA8CC3B08B2}.Ad-Hoc|Any CPU.Deploy.0 = Ad-Hoc|iPhone
		{5C59ED76-43C3-4169-B4D8-1AA8CC3B08B2}.Ad-Hoc|iPhone.ActiveCfg = Ad-Hoc|iPhone
		{5C59ED76-43C3-4169-B4D8-1AA8CC3B08B2}.Ad-Hoc|iPhone.Build.0 = Ad-Hoc|iPhone
		{5C59ED76-43C3-4169-B4D8-1AA8CC3B08B2}.Ad-Hoc|iPhone.Deploy.0 = Ad-Hoc|iPhone
		{5C59ED76-43C3-4169-B4D8-1AA8CC3B08B2}.Ad-Hoc|iPhoneSimulator.ActiveCfg = Ad-Hoc|iPhoneSimulator
		{5C59ED76-43C3-4169-B4D8-1AA8CC3B08B2}.Ad-Hoc|iPhoneSimulator.Build.0 = Ad-Hoc|iPhoneSimulator
		{5C59ED76-43C3-4169-B4D8-1AA8CC3B08B2}.Ad-Hoc|iPhoneSimulator.Deploy.0 = Ad-Hoc|iPhoneSimulator
		{5C59ED76-43C3-4169-B4D8-1AA8CC3B08B2}.AppStore|Any CPU.ActiveCfg = AppStore|iPhone
		{5C59ED76-43C3-4169-B4D8-1AA8CC3B08B2}.AppStore|Any CPU.Build.0 = AppStore|iPhone
		{5C59ED76-43C3-4169-B4D8-1AA8CC3B08B2}.AppStore|Any CPU.Deploy.0 = AppStore|iPhone
		{5C59ED76-43C3-4169-B4D8-1AA8CC3B08B2}.AppStore|iPhone.ActiveCfg = AppStore|iPhone
		{5C59ED76-43C3-4169-B4D8-1AA8CC3B08B2}.AppStore|iPhone.Build.0 = AppStore|iPhone
		{5C59ED76-43C3-4169-B4D8-1AA8CC3B08B2}.AppStore|iPhone.Deploy.0 = AppStore|iPhone
		{5C59ED76-43C3-4169-B4D8-1AA8CC3B08B2}.AppStore|iPhoneSimulator.ActiveCfg = AppStore|iPhoneSimulator
		{5C59ED76-43C3-4169-B4D8-1AA8CC3B08B2}.AppStore|iPhoneSimulator.Build.0 = AppStore|iPhoneSimulator
		{5C59ED76-43C3-4169-B4D8-1AA8CC3B08B2}.AppStore|iPhoneSimulator.Deploy.0 = AppStore|iPhoneSimulator
		{5C59ED76-43C3-4169-B4D8-1AA8CC3B08B2}.Debug|Any CPU.ActiveCfg = Debug|iPhoneSimulator
		{5C59ED76-43C3-4169-B4D8-1AA8CC3B08B2}.Debug|Any CPU.Build.0 = Debug|iPhoneSimulator
		{5C59ED76-43C3-4169-B4D8-1AA8CC3B08B2}.Debug|Any CPU.Deploy.0 = Debug|iPhoneSimulator
		{5C59ED76-43C3-4169-B4D8-1AA8CC3B08B2}.Debug|iPhone.ActiveCfg = Debug|iPhone
		{5C59ED76-43C3-4169-B4D8-1AA8CC3B08B2}.Debug|iPhone.Build.0 = Debug|iPhone
		{5C59ED76-43C3-4169-B4D8-1AA8CC3B08B2}.Debug|iPhone.Deploy.0 = Debug|iPhone
		{5C59ED76-43C3-4169-B4D8-1AA8CC3B08B2}.Debug|iPhoneSimulator.ActiveCfg = Debug|iPhoneSimulator
		{5C59ED76-43C3-4169-B4D8-1AA8CC3B08B2}.Debug|iPhoneSimulator.Build.0 = Debug|iPhoneSimulator
		{5C59ED76-43C3-4169-B4D8-1AA8CC3B08B2}.Debug|iPhoneSimulator.Deploy.0 = Debug|iPhoneSimulator
		{5C59ED76-43C3-4169-B4D8-1AA8CC3B08B2}.Release|Any CPU.ActiveCfg = Release|iPhone
		{5C59ED76-43C3-4169-B4D8-1AA8CC3B08B2}.Release|Any CPU.Build.0 = Release|iPhone
		{5C59ED76-43C3-4169-B4D8-1AA8CC3B08B2}.Release|Any CPU.Deploy.0 = Release|iPhone
		{5C59ED76-43C3-4169-B4D8-1AA8CC3B08B2}.Release|iPhone.ActiveCfg = Release|iPhone
		{5C59ED76-43C3-4169-B4D8-1AA8CC3B08B2}.Release|iPhone.Build.0 = Release|iPhone
		{5C59ED76-43C3-4169-B4D8-1AA8CC3B08B2}.Release|iPhone.Deploy.0 = Release|iPhone
		{5C59ED76-43C3-4169-B4D8-1AA8CC3B08B2}.Release|iPhoneSimulator.ActiveCfg = Release|iPhoneSimulator
		{5C59ED76-43C3-4169-B4D8-1AA8CC3B08B2}.Release|iPhoneSimulator.Build.0 = Release|iPhoneSimulator
		{5C59ED76-43C3-4169-B4D8-1AA8CC3B08B2}.Release|iPhoneSimulator.Deploy.0 = Release|iPhoneSimulator
		{307B9FD0-1E32-4C99-84F5-267A220B42F9}.Ad-Hoc|Any CPU.ActiveCfg = Debug|Any CPU
		{307B9FD0-1E32-4C99-84F5-267A220B42F9}.Ad-Hoc|Any CPU.Build.0 = Debug|Any CPU
		{307B9FD0-1E32-4C99-84F5-267A220B42F9}.Ad-Hoc|Any CPU.Deploy.0 = Debug|Any CPU
		{307B9FD0-1E32-4C99-84F5-267A220B42F9}.Ad-Hoc|iPhone.ActiveCfg = Debug|Any CPU
		{307B9FD0-1E32-4C99-84F5-267A220B42F9}.Ad-Hoc|iPhone.Build.0 = Debug|Any CPU
		{307B9FD0-1E32-4C99-84F5-267A220B42F9}.Ad-Hoc|iPhone.Deploy.0 = Debug|Any CPU
		{307B9FD0-1E32-4C99-84F5-267A220B42F9}.Ad-Hoc|iPhoneSimulator.ActiveCfg = Debug|Any CPU
		{307B9FD0-1E32-4C99-84F5-267A220B42F9}.Ad-Hoc|iPhoneSimulator.Build.0 = Debug|Any CPU
		{307B9FD0-1E32-4C99-84F5-267A220B42F9}.Ad-Hoc|iPhoneSimulator.Deploy.0 = Debug|Any CPU
		{307B9FD0-1E32-4C99-84F5-267A220B42F9}.AppStore|Any CPU.ActiveCfg = Debug|Any CPU
		{307B9FD0-1E32-4C99-84F5-267A220B42F9}.AppStore|Any CPU.Build.0 = Debug|Any CPU
		{307B9FD0-1E32-4C99-84F5-267A220B42F9}.AppStore|Any CPU.Deploy.0 = Debug|Any CPU
		{307B9FD0-1E32-4C99-84F5-267A220B42F9}.AppStore|iPhone.ActiveCfg = Debug|Any CPU
		{307B9FD0-1E32-4C99-84F5-267A220B42F9}.AppStore|iPhone.Build.0 = Debug|Any CPU
		{307B9FD0-1E32-4C99-84F5-267A220B42F9}.AppStore|iPhone.Deploy.0 = Debug|Any CPU
		{307B9FD0-1E32-4C99-84F5-267A220B42F9}.AppStore|iPhoneSimulator.ActiveCfg = Debug|Any CPU
		{307B9FD0-1E32-4C99-84F5-267A220B42F9}.AppStore|iPhoneSimulator.Build.0 = Debug|Any CPU
		{307B9FD0-1E32-4C99-84F5-267A220B42F9}.AppStore|iPhoneSimulator.Deploy.0 = Debug|Any CPU
		{307B9FD0-1E32-4C99-84F5-267A220B42F9}.Debug|Any CPU.ActiveCfg = Debug|Any CPU
		{307B9FD0-1E32-4C99-84F5-267A220B42F9}.Debug|Any CPU.Build.0 = Debug|Any CPU
		{307B9FD0-1E32-4C99-84F5-267A220B42F9}.Debug|Any CPU.Deploy.0 = Debug|Any CPU
		{307B9FD0-1E32-4C99-84F5-267A220B42F9}.Debug|iPhone.ActiveCfg = Debug|Any CPU
		{307B9FD0-1E32-4C99-84F5-267A220B42F9}.Debug|iPhone.Build.0 = Debug|Any CPU
		{307B9FD0-1E32-4C99-84F5-267A220B42F9}.Debug|iPhone.Deploy.0 = Debug|Any CPU
		{307B9FD0-1E32-4C99-84F5-267A220B42F9}.Debug|iPhoneSimulator.ActiveCfg = Debug|Any CPU
		{307B9FD0-1E32-4C99-84F5-267A220B42F9}.Debug|iPhoneSimulator.Build.0 = Debug|Any CPU
		{307B9FD0-1E32-4C99-84F5-267A220B42F9}.Debug|iPhoneSimulator.Deploy.0 = Debug|Any CPU
		{307B9FD0-1E32-4C99-84F5-267A220B42F9}.Release|Any CPU.ActiveCfg = Release|Any CPU
		{307B9FD0-1E32-4C99-84F5-267A220B42F9}.Release|Any CPU.Build.0 = Release|Any CPU
		{307B9FD0-1E32-4C99-84F5-267A220B42F9}.Release|Any CPU.Deploy.0 = Release|Any CPU
		{307B9FD0-1E32-4C99-84F5-267A220B42F9}.Release|iPhone.ActiveCfg = Release|Any CPU
		{307B9FD0-1E32-4C99-84F5-267A220B42F9}.Release|iPhone.Build.0 = Release|Any CPU
		{307B9FD0-1E32-4C99-84F5-267A220B42F9}.Release|iPhone.Deploy.0 = Release|Any CPU
		{307B9FD0-1E32-4C99-84F5-267A220B42F9}.Release|iPhoneSimulator.ActiveCfg = Release|Any CPU
		{307B9FD0-1E32-4C99-84F5-267A220B42F9}.Release|iPhoneSimulator.Build.0 = Release|Any CPU
		{307B9FD0-1E32-4C99-84F5-267A220B42F9}.Release|iPhoneSimulator.Deploy.0 = Release|Any CPU
		{5AFE0095-9329-48EB-B18C-89C88630AA7A}.Ad-Hoc|Any CPU.ActiveCfg = Release|Any CPU
		{5AFE0095-9329-48EB-B18C-89C88630AA7A}.Ad-Hoc|Any CPU.Build.0 = Release|Any CPU
		{5AFE0095-9329-48EB-B18C-89C88630AA7A}.Ad-Hoc|iPhone.ActiveCfg = Release|Any CPU
		{5AFE0095-9329-48EB-B18C-89C88630AA7A}.Ad-Hoc|iPhone.Build.0 = Release|Any CPU
		{5AFE0095-9329-48EB-B18C-89C88630AA7A}.Ad-Hoc|iPhoneSimulator.ActiveCfg = Release|Any CPU
		{5AFE0095-9329-48EB-B18C-89C88630AA7A}.Ad-Hoc|iPhoneSimulator.Build.0 = Release|Any CPU
		{5AFE0095-9329-48EB-B18C-89C88630AA7A}.AppStore|Any CPU.ActiveCfg = Release|Any CPU
		{5AFE0095-9329-48EB-B18C-89C88630AA7A}.AppStore|Any CPU.Build.0 = Release|Any CPU
		{5AFE0095-9329-48EB-B18C-89C88630AA7A}.AppStore|iPhone.ActiveCfg = Release|Any CPU
		{5AFE0095-9329-48EB-B18C-89C88630AA7A}.AppStore|iPhone.Build.0 = Release|Any CPU
		{5AFE0095-9329-48EB-B18C-89C88630AA7A}.AppStore|iPhoneSimulator.ActiveCfg = Release|Any CPU
		{5AFE0095-9329-48EB-B18C-89C88630AA7A}.AppStore|iPhoneSimulator.Build.0 = Release|Any CPU
		{5AFE0095-9329-48EB-B18C-89C88630AA7A}.Debug|Any CPU.ActiveCfg = Debug|Any CPU
		{5AFE0095-9329-48EB-B18C-89C88630AA7A}.Debug|Any CPU.Build.0 = Debug|Any CPU
		{5AFE0095-9329-48EB-B18C-89C88630AA7A}.Debug|iPhone.ActiveCfg = Debug|Any CPU
		{5AFE0095-9329-48EB-B18C-89C88630AA7A}.Debug|iPhone.Build.0 = Debug|Any CPU
		{5AFE0095-9329-48EB-B18C-89C88630AA7A}.Debug|iPhoneSimulator.ActiveCfg = Debug|Any CPU
		{5AFE0095-9329-48EB-B18C-89C88630AA7A}.Debug|iPhoneSimulator.Build.0 = Debug|Any CPU
		{5AFE0095-9329-48EB-B18C-89C88630AA7A}.Release|Any CPU.ActiveCfg = Release|Any CPU
		{5AFE0095-9329-48EB-B18C-89C88630AA7A}.Release|Any CPU.Build.0 = Release|Any CPU
		{5AFE0095-9329-48EB-B18C-89C88630AA7A}.Release|iPhone.ActiveCfg = Release|Any CPU
		{5AFE0095-9329-48EB-B18C-89C88630AA7A}.Release|iPhone.Build.0 = Release|Any CPU
		{5AFE0095-9329-48EB-B18C-89C88630AA7A}.Release|iPhoneSimulator.ActiveCfg = Release|Any CPU
		{5AFE0095-9329-48EB-B18C-89C88630AA7A}.Release|iPhoneSimulator.Build.0 = Release|Any CPU
		{D28BBF14-EFE4-47E3-816D-D6809E73A9FC}.Ad-Hoc|Any CPU.ActiveCfg = Release|Any CPU
		{D28BBF14-EFE4-47E3-816D-D6809E73A9FC}.Ad-Hoc|Any CPU.Build.0 = Release|Any CPU
		{D28BBF14-EFE4-47E3-816D-D6809E73A9FC}.Ad-Hoc|iPhone.ActiveCfg = Release|Any CPU
		{D28BBF14-EFE4-47E3-816D-D6809E73A9FC}.Ad-Hoc|iPhone.Build.0 = Release|Any CPU
		{D28BBF14-EFE4-47E3-816D-D6809E73A9FC}.Ad-Hoc|iPhoneSimulator.ActiveCfg = Release|Any CPU
		{D28BBF14-EFE4-47E3-816D-D6809E73A9FC}.Ad-Hoc|iPhoneSimulator.Build.0 = Release|Any CPU
		{D28BBF14-EFE4-47E3-816D-D6809E73A9FC}.AppStore|Any CPU.ActiveCfg = Release|Any CPU
		{D28BBF14-EFE4-47E3-816D-D6809E73A9FC}.AppStore|Any CPU.Build.0 = Release|Any CPU
		{D28BBF14-EFE4-47E3-816D-D6809E73A9FC}.AppStore|iPhone.ActiveCfg = Release|Any CPU
		{D28BBF14-EFE4-47E3-816D-D6809E73A9FC}.AppStore|iPhone.Build.0 = Release|Any CPU
		{D28BBF14-EFE4-47E3-816D-D6809E73A9FC}.AppStore|iPhoneSimulator.ActiveCfg = Release|Any CPU
		{D28BBF14-EFE4-47E3-816D-D6809E73A9FC}.AppStore|iPhoneSimulator.Build.0 = Release|Any CPU
		{D28BBF14-EFE4-47E3-816D-D6809E73A9FC}.Debug|Any CPU.ActiveCfg = Debug|Any CPU
		{D28BBF14-EFE4-47E3-816D-D6809E73A9FC}.Debug|Any CPU.Build.0 = Debug|Any CPU
		{D28BBF14-EFE4-47E3-816D-D6809E73A9FC}.Debug|iPhone.ActiveCfg = Debug|Any CPU
		{D28BBF14-EFE4-47E3-816D-D6809E73A9FC}.Debug|iPhone.Build.0 = Debug|Any CPU
		{D28BBF14-EFE4-47E3-816D-D6809E73A9FC}.Debug|iPhoneSimulator.ActiveCfg = Debug|Any CPU
		{D28BBF14-EFE4-47E3-816D-D6809E73A9FC}.Debug|iPhoneSimulator.Build.0 = Debug|Any CPU
		{D28BBF14-EFE4-47E3-816D-D6809E73A9FC}.Release|Any CPU.ActiveCfg = Release|Any CPU
		{D28BBF14-EFE4-47E3-816D-D6809E73A9FC}.Release|Any CPU.Build.0 = Release|Any CPU
		{D28BBF14-EFE4-47E3-816D-D6809E73A9FC}.Release|iPhone.ActiveCfg = Release|Any CPU
		{D28BBF14-EFE4-47E3-816D-D6809E73A9FC}.Release|iPhone.Build.0 = Release|Any CPU
		{D28BBF14-EFE4-47E3-816D-D6809E73A9FC}.Release|iPhoneSimulator.ActiveCfg = Release|Any CPU
		{D28BBF14-EFE4-47E3-816D-D6809E73A9FC}.Release|iPhoneSimulator.Build.0 = Release|Any CPU
		{04306972-AF40-4795-BAC1-6FEA4C1BE9E3}.Ad-Hoc|Any CPU.ActiveCfg = Release|Any CPU
		{04306972-AF40-4795-BAC1-6FEA4C1BE9E3}.Ad-Hoc|Any CPU.Build.0 = Release|Any CPU
		{04306972-AF40-4795-BAC1-6FEA4C1BE9E3}.Ad-Hoc|iPhone.ActiveCfg = Release|Any CPU
		{04306972-AF40-4795-BAC1-6FEA4C1BE9E3}.Ad-Hoc|iPhone.Build.0 = Release|Any CPU
		{04306972-AF40-4795-BAC1-6FEA4C1BE9E3}.Ad-Hoc|iPhoneSimulator.ActiveCfg = Release|Any CPU
		{04306972-AF40-4795-BAC1-6FEA4C1BE9E3}.Ad-Hoc|iPhoneSimulator.Build.0 = Release|Any CPU
		{04306972-AF40-4795-BAC1-6FEA4C1BE9E3}.AppStore|Any CPU.ActiveCfg = Release|Any CPU
		{04306972-AF40-4795-BAC1-6FEA4C1BE9E3}.AppStore|Any CPU.Build.0 = Release|Any CPU
		{04306972-AF40-4795-BAC1-6FEA4C1BE9E3}.AppStore|iPhone.ActiveCfg = Release|Any CPU
		{04306972-AF40-4795-BAC1-6FEA4C1BE9E3}.AppStore|iPhone.Build.0 = Release|Any CPU
		{04306972-AF40-4795-BAC1-6FEA4C1BE9E3}.AppStore|iPhoneSimulator.ActiveCfg = Release|Any CPU
		{04306972-AF40-4795-BAC1-6FEA4C1BE9E3}.AppStore|iPhoneSimulator.Build.0 = Release|Any CPU
		{04306972-AF40-4795-BAC1-6FEA4C1BE9E3}.Debug|Any CPU.ActiveCfg = Debug|Any CPU
		{04306972-AF40-4795-BAC1-6FEA4C1BE9E3}.Debug|Any CPU.Build.0 = Debug|Any CPU
		{04306972-AF40-4795-BAC1-6FEA4C1BE9E3}.Debug|iPhone.ActiveCfg = Debug|Any CPU
		{04306972-AF40-4795-BAC1-6FEA4C1BE9E3}.Debug|iPhone.Build.0 = Debug|Any CPU
		{04306972-AF40-4795-BAC1-6FEA4C1BE9E3}.Debug|iPhoneSimulator.ActiveCfg = Debug|Any CPU
		{04306972-AF40-4795-BAC1-6FEA4C1BE9E3}.Debug|iPhoneSimulator.Build.0 = Debug|Any CPU
		{04306972-AF40-4795-BAC1-6FEA4C1BE9E3}.Release|Any CPU.ActiveCfg = Release|Any CPU
		{04306972-AF40-4795-BAC1-6FEA4C1BE9E3}.Release|Any CPU.Build.0 = Release|Any CPU
		{04306972-AF40-4795-BAC1-6FEA4C1BE9E3}.Release|iPhone.ActiveCfg = Release|Any CPU
		{04306972-AF40-4795-BAC1-6FEA4C1BE9E3}.Release|iPhone.Build.0 = Release|Any CPU
		{04306972-AF40-4795-BAC1-6FEA4C1BE9E3}.Release|iPhoneSimulator.ActiveCfg = Release|Any CPU
		{04306972-AF40-4795-BAC1-6FEA4C1BE9E3}.Release|iPhoneSimulator.Build.0 = Release|Any CPU
		{B54CB232-16F3-4306-A014-9A85437EFA7D}.Ad-Hoc|Any CPU.ActiveCfg = Release|Any CPU
		{B54CB232-16F3-4306-A014-9A85437EFA7D}.Ad-Hoc|Any CPU.Build.0 = Release|Any CPU
		{B54CB232-16F3-4306-A014-9A85437EFA7D}.Ad-Hoc|iPhone.ActiveCfg = Release|Any CPU
		{B54CB232-16F3-4306-A014-9A85437EFA7D}.Ad-Hoc|iPhone.Build.0 = Release|Any CPU
		{B54CB232-16F3-4306-A014-9A85437EFA7D}.Ad-Hoc|iPhoneSimulator.ActiveCfg = Release|Any CPU
		{B54CB232-16F3-4306-A014-9A85437EFA7D}.Ad-Hoc|iPhoneSimulator.Build.0 = Release|Any CPU
		{B54CB232-16F3-4306-A014-9A85437EFA7D}.AppStore|Any CPU.ActiveCfg = Release|Any CPU
		{B54CB232-16F3-4306-A014-9A85437EFA7D}.AppStore|Any CPU.Build.0 = Release|Any CPU
		{B54CB232-16F3-4306-A014-9A85437EFA7D}.AppStore|iPhone.ActiveCfg = Release|Any CPU
		{B54CB232-16F3-4306-A014-9A85437EFA7D}.AppStore|iPhone.Build.0 = Release|Any CPU
		{B54CB232-16F3-4306-A014-9A85437EFA7D}.AppStore|iPhoneSimulator.ActiveCfg = Release|Any CPU
		{B54CB232-16F3-4306-A014-9A85437EFA7D}.AppStore|iPhoneSimulator.Build.0 = Release|Any CPU
		{B54CB232-16F3-4306-A014-9A85437EFA7D}.Debug|Any CPU.ActiveCfg = Debug|Any CPU
		{B54CB232-16F3-4306-A014-9A85437EFA7D}.Debug|Any CPU.Build.0 = Debug|Any CPU
		{B54CB232-16F3-4306-A014-9A85437EFA7D}.Debug|iPhone.ActiveCfg = Debug|Any CPU
		{B54CB232-16F3-4306-A014-9A85437EFA7D}.Debug|iPhone.Build.0 = Debug|Any CPU
		{B54CB232-16F3-4306-A014-9A85437EFA7D}.Debug|iPhoneSimulator.ActiveCfg = Debug|Any CPU
		{B54CB232-16F3-4306-A014-9A85437EFA7D}.Debug|iPhoneSimulator.Build.0 = Debug|Any CPU
		{B54CB232-16F3-4306-A014-9A85437EFA7D}.Release|Any CPU.ActiveCfg = Release|Any CPU
		{B54CB232-16F3-4306-A014-9A85437EFA7D}.Release|Any CPU.Build.0 = Release|Any CPU
		{B54CB232-16F3-4306-A014-9A85437EFA7D}.Release|iPhone.ActiveCfg = Release|Any CPU
		{B54CB232-16F3-4306-A014-9A85437EFA7D}.Release|iPhone.Build.0 = Release|Any CPU
		{B54CB232-16F3-4306-A014-9A85437EFA7D}.Release|iPhoneSimulator.ActiveCfg = Release|Any CPU
		{B54CB232-16F3-4306-A014-9A85437EFA7D}.Release|iPhoneSimulator.Build.0 = Release|Any CPU
		{67BA0C2A-0B42-4911-AF18-2B53C839B689}.Ad-Hoc|Any CPU.ActiveCfg = Release|Any CPU
		{67BA0C2A-0B42-4911-AF18-2B53C839B689}.Ad-Hoc|Any CPU.Build.0 = Release|Any CPU
		{67BA0C2A-0B42-4911-AF18-2B53C839B689}.Ad-Hoc|iPhone.ActiveCfg = Release|Any CPU
		{67BA0C2A-0B42-4911-AF18-2B53C839B689}.Ad-Hoc|iPhone.Build.0 = Release|Any CPU
		{67BA0C2A-0B42-4911-AF18-2B53C839B689}.Ad-Hoc|iPhoneSimulator.ActiveCfg = Release|Any CPU
		{67BA0C2A-0B42-4911-AF18-2B53C839B689}.Ad-Hoc|iPhoneSimulator.Build.0 = Release|Any CPU
		{67BA0C2A-0B42-4911-AF18-2B53C839B689}.AppStore|Any CPU.ActiveCfg = Release|Any CPU
		{67BA0C2A-0B42-4911-AF18-2B53C839B689}.AppStore|Any CPU.Build.0 = Release|Any CPU
		{67BA0C2A-0B42-4911-AF18-2B53C839B689}.AppStore|iPhone.ActiveCfg = Release|Any CPU
		{67BA0C2A-0B42-4911-AF18-2B53C839B689}.AppStore|iPhone.Build.0 = Release|Any CPU
		{67BA0C2A-0B42-4911-AF18-2B53C839B689}.AppStore|iPhoneSimulator.ActiveCfg = Release|Any CPU
		{67BA0C2A-0B42-4911-AF18-2B53C839B689}.AppStore|iPhoneSimulator.Build.0 = Release|Any CPU
		{67BA0C2A-0B42-4911-AF18-2B53C839B689}.Debug|Any CPU.ActiveCfg = Debug|Any CPU
		{67BA0C2A-0B42-4911-AF18-2B53C839B689}.Debug|Any CPU.Build.0 = Debug|Any CPU
		{67BA0C2A-0B42-4911-AF18-2B53C839B689}.Debug|iPhone.ActiveCfg = Debug|Any CPU
		{67BA0C2A-0B42-4911-AF18-2B53C839B689}.Debug|iPhone.Build.0 = Debug|Any CPU
		{67BA0C2A-0B42-4911-AF18-2B53C839B689}.Debug|iPhoneSimulator.ActiveCfg = Debug|Any CPU
		{67BA0C2A-0B42-4911-AF18-2B53C839B689}.Debug|iPhoneSimulator.Build.0 = Debug|Any CPU
		{67BA0C2A-0B42-4911-AF18-2B53C839B689}.Release|Any CPU.ActiveCfg = Release|Any CPU
		{67BA0C2A-0B42-4911-AF18-2B53C839B689}.Release|Any CPU.Build.0 = Release|Any CPU
		{67BA0C2A-0B42-4911-AF18-2B53C839B689}.Release|iPhone.ActiveCfg = Release|Any CPU
		{67BA0C2A-0B42-4911-AF18-2B53C839B689}.Release|iPhone.Build.0 = Release|Any CPU
		{67BA0C2A-0B42-4911-AF18-2B53C839B689}.Release|iPhoneSimulator.ActiveCfg = Release|Any CPU
		{67BA0C2A-0B42-4911-AF18-2B53C839B689}.Release|iPhoneSimulator.Build.0 = Release|Any CPU
		{A49F884B-0357-4BB9-9FCC-12A997F2009A}.Ad-Hoc|Any CPU.ActiveCfg = Release|Any CPU
		{A49F884B-0357-4BB9-9FCC-12A997F2009A}.Ad-Hoc|Any CPU.Build.0 = Release|Any CPU
		{A49F884B-0357-4BB9-9FCC-12A997F2009A}.Ad-Hoc|iPhone.ActiveCfg = Release|Any CPU
		{A49F884B-0357-4BB9-9FCC-12A997F2009A}.Ad-Hoc|iPhone.Build.0 = Release|Any CPU
		{A49F884B-0357-4BB9-9FCC-12A997F2009A}.Ad-Hoc|iPhoneSimulator.ActiveCfg = Release|Any CPU
		{A49F884B-0357-4BB9-9FCC-12A997F2009A}.Ad-Hoc|iPhoneSimulator.Build.0 = Release|Any CPU
		{A49F884B-0357-4BB9-9FCC-12A997F2009A}.AppStore|Any CPU.ActiveCfg = Release|Any CPU
		{A49F884B-0357-4BB9-9FCC-12A997F2009A}.AppStore|Any CPU.Build.0 = Release|Any CPU
		{A49F884B-0357-4BB9-9FCC-12A997F2009A}.AppStore|iPhone.ActiveCfg = Release|Any CPU
		{A49F884B-0357-4BB9-9FCC-12A997F2009A}.AppStore|iPhone.Build.0 = Release|Any CPU
		{A49F884B-0357-4BB9-9FCC-12A997F2009A}.AppStore|iPhoneSimulator.ActiveCfg = Release|Any CPU
		{A49F884B-0357-4BB9-9FCC-12A997F2009A}.AppStore|iPhoneSimulator.Build.0 = Release|Any CPU
		{A49F884B-0357-4BB9-9FCC-12A997F2009A}.Debug|Any CPU.ActiveCfg = Debug|Any CPU
		{A49F884B-0357-4BB9-9FCC-12A997F2009A}.Debug|Any CPU.Build.0 = Debug|Any CPU
		{A49F884B-0357-4BB9-9FCC-12A997F2009A}.Debug|iPhone.ActiveCfg = Debug|Any CPU
		{A49F884B-0357-4BB9-9FCC-12A997F2009A}.Debug|iPhone.Build.0 = Debug|Any CPU
		{A49F884B-0357-4BB9-9FCC-12A997F2009A}.Debug|iPhoneSimulator.ActiveCfg = Debug|Any CPU
		{A49F884B-0357-4BB9-9FCC-12A997F2009A}.Debug|iPhoneSimulator.Build.0 = Debug|Any CPU
		{A49F884B-0357-4BB9-9FCC-12A997F2009A}.Release|Any CPU.ActiveCfg = Release|Any CPU
		{A49F884B-0357-4BB9-9FCC-12A997F2009A}.Release|Any CPU.Build.0 = Release|Any CPU
		{A49F884B-0357-4BB9-9FCC-12A997F2009A}.Release|iPhone.ActiveCfg = Release|Any CPU
		{A49F884B-0357-4BB9-9FCC-12A997F2009A}.Release|iPhone.Build.0 = Release|Any CPU
		{A49F884B-0357-4BB9-9FCC-12A997F2009A}.Release|iPhoneSimulator.ActiveCfg = Release|Any CPU
		{A49F884B-0357-4BB9-9FCC-12A997F2009A}.Release|iPhoneSimulator.Build.0 = Release|Any CPU
		{ED2E61FE-56C3-4F47-A402-C683E217B02D}.Ad-Hoc|Any CPU.ActiveCfg = Debug|Any CPU
		{ED2E61FE-56C3-4F47-A402-C683E217B02D}.Ad-Hoc|Any CPU.Build.0 = Debug|Any CPU
		{ED2E61FE-56C3-4F47-A402-C683E217B02D}.Ad-Hoc|iPhone.ActiveCfg = Debug|Any CPU
		{ED2E61FE-56C3-4F47-A402-C683E217B02D}.Ad-Hoc|iPhone.Build.0 = Debug|Any CPU
		{ED2E61FE-56C3-4F47-A402-C683E217B02D}.Ad-Hoc|iPhoneSimulator.ActiveCfg = Debug|Any CPU
		{ED2E61FE-56C3-4F47-A402-C683E217B02D}.Ad-Hoc|iPhoneSimulator.Build.0 = Debug|Any CPU
		{ED2E61FE-56C3-4F47-A402-C683E217B02D}.AppStore|Any CPU.ActiveCfg = Debug|Any CPU
		{ED2E61FE-56C3-4F47-A402-C683E217B02D}.AppStore|Any CPU.Build.0 = Debug|Any CPU
		{ED2E61FE-56C3-4F47-A402-C683E217B02D}.AppStore|iPhone.ActiveCfg = Debug|Any CPU
		{ED2E61FE-56C3-4F47-A402-C683E217B02D}.AppStore|iPhone.Build.0 = Debug|Any CPU
		{ED2E61FE-56C3-4F47-A402-C683E217B02D}.AppStore|iPhoneSimulator.ActiveCfg = Debug|Any CPU
		{ED2E61FE-56C3-4F47-A402-C683E217B02D}.AppStore|iPhoneSimulator.Build.0 = Debug|Any CPU
		{ED2E61FE-56C3-4F47-A402-C683E217B02D}.Debug|Any CPU.ActiveCfg = Debug|Any CPU
		{ED2E61FE-56C3-4F47-A402-C683E217B02D}.Debug|Any CPU.Build.0 = Debug|Any CPU
		{ED2E61FE-56C3-4F47-A402-C683E217B02D}.Debug|iPhone.ActiveCfg = Debug|Any CPU
		{ED2E61FE-56C3-4F47-A402-C683E217B02D}.Debug|iPhone.Build.0 = Debug|Any CPU
		{ED2E61FE-56C3-4F47-A402-C683E217B02D}.Debug|iPhoneSimulator.ActiveCfg = Debug|Any CPU
		{ED2E61FE-56C3-4F47-A402-C683E217B02D}.Debug|iPhoneSimulator.Build.0 = Debug|Any CPU
		{ED2E61FE-56C3-4F47-A402-C683E217B02D}.Release|Any CPU.ActiveCfg = Release|Any CPU
		{ED2E61FE-56C3-4F47-A402-C683E217B02D}.Release|Any CPU.Build.0 = Release|Any CPU
		{ED2E61FE-56C3-4F47-A402-C683E217B02D}.Release|iPhone.ActiveCfg = Release|Any CPU
		{ED2E61FE-56C3-4F47-A402-C683E217B02D}.Release|iPhone.Build.0 = Release|Any CPU
		{ED2E61FE-56C3-4F47-A402-C683E217B02D}.Release|iPhoneSimulator.ActiveCfg = Release|Any CPU
		{ED2E61FE-56C3-4F47-A402-C683E217B02D}.Release|iPhoneSimulator.Build.0 = Release|Any CPU
	EndGlobalSection
	GlobalSection(SolutionProperties) = preSolution
		HideSolutionNode = FALSE
	EndGlobalSection
	GlobalSection(ExtensibilityGlobals) = postSolution
		SolutionGuid = {7CAF9E28-D0FA-4E0F-8512-63E85B336597}
		RESX_PrefixTranslations = False
	EndGlobalSection
EndGlobal
